
Microsoft Visual Studio Solution File, Format Version 12.00
# Visual Studio 15
VisualStudioVersion = 15.0.27130.2010
MinimumVisualStudioVersion = 10.0.40219.1
Project("{FAE04EC0-301F-11D3-BF4B-00C04F79EFBC}") = "EliteTravels", "EliteTravels\EliteTravels.csproj", "{02E96CA9-D0DA-42E7-A308-200C33C90C11}"
EndProject
Global
	GlobalSection(SolutionConfigurationPlatforms) = preSolution
		Debug|Any CPU = Debug|Any CPU
		Release|Any CPU = Release|Any CPU
	EndGlobalSection
	GlobalSection(ProjectConfigurationPlatforms) = postSolution
		{02E96CA9-D0DA-42E7-A308-200C33C90C11}.Debug|Any CPU.ActiveCfg = Debug|Any CPU
		{02E96CA9-D0DA-42E7-A308-200C33C90C11}.Debug|Any CPU.Build.0 = Debug|Any CPU
		{02E96CA9-D0DA-42E7-A308-200C33C90C11}.Release|Any CPU.ActiveCfg = Release|Any CPU
		{02E96CA9-D0DA-42E7-A308-200C33C90C11}.Release|Any CPU.Build.0 = Release|Any CPU
	EndGlobalSection
	GlobalSection(SolutionProperties) = preSolution
		HideSolutionNode = FALSE
	EndGlobalSection
	GlobalSection(ExtensibilityGlobals) = postSolution
		SolutionGuid = {8D3DCA08-003C-4A45-9840-DFCAC6DCC9BB}
	EndGlobalSection
EndGlobal
